
Microsoft Visual Studio Solution File, Format Version 12.00
# Visual Studio Version 17
VisualStudioVersion = 17.0.31903.59
MinimumVisualStudioVersion = 10.0.40219.1
Project("{FAE04EC0-301F-11D3-BF4B-00C04F79EFBC}") = "Sandbox", "Sandbox\Sandbox.csproj", "{3DE507FC-A95C-4D6B-8A39-6875AF0EA369}"
EndProject
Project("{FAE04EC0-301F-11D3-BF4B-00C04F79EFBC}") = "Top_Interview_Questions", "Top_Interview_Questions\Top_Interview_Questions.csproj", "{E4048857-71A5-4213-ACB4-41A9B08D080A}"
EndProject
Project("{FAE04EC0-301F-11D3-BF4B-00C04F79EFBC}") = "InterviewPrep", "InterviewPrep\InterviewPrep.csproj", "{AEFEDEF8-6CD4-4DC3-99A2-71643057251F}"
EndProject
Global
	GlobalSection(SolutionConfigurationPlatforms) = preSolution
		Debug|Any CPU = Debug|Any CPU
		Release|Any CPU = Release|Any CPU
	EndGlobalSection
	GlobalSection(SolutionProperties) = preSolution
		HideSolutionNode = FALSE
	EndGlobalSection
	GlobalSection(ProjectConfigurationPlatforms) = postSolution
		{3DE507FC-A95C-4D6B-8A39-6875AF0EA369}.Debug|Any CPU.ActiveCfg = Debug|Any CPU
		{3DE507FC-A95C-4D6B-8A39-6875AF0EA369}.Debug|Any CPU.Build.0 = Debug|Any CPU
		{3DE507FC-A95C-4D6B-8A39-6875AF0EA369}.Release|Any CPU.ActiveCfg = Release|Any CPU
		{3DE507FC-A95C-4D6B-8A39-6875AF0EA369}.Release|Any CPU.Build.0 = Release|Any CPU
		{E4048857-71A5-4213-ACB4-41A9B08D080A}.Debug|Any CPU.ActiveCfg = Debug|Any CPU
		{E4048857-71A5-4213-ACB4-41A9B08D080A}.Debug|Any CPU.Build.0 = Debug|Any CPU
		{E4048857-71A5-4213-ACB4-41A9B08D080A}.Release|Any CPU.ActiveCfg = Release|Any CPU
		{E4048857-71A5-4213-ACB4-41A9B08D080A}.Release|Any CPU.Build.0 = Release|Any CPU
		{AEFEDEF8-6CD4-4DC3-99A2-71643057251F}.Debug|Any CPU.ActiveCfg = Debug|Any CPU
		{AEFEDEF8-6CD4-4DC3-99A2-71643057251F}.Debug|Any CPU.Build.0 = Debug|Any CPU
		{AEFEDEF8-6CD4-4DC3-99A2-71643057251F}.Release|Any CPU.ActiveCfg = Release|Any CPU
		{AEFEDEF8-6CD4-4DC3-99A2-71643057251F}.Release|Any CPU.Build.0 = Release|Any CPU
	EndGlobalSection
EndGlobal
