
Microsoft Visual Studio Solution File, Format Version 12.00
# Visual Studio Version 17
VisualStudioVersion = 17.0.31903.59
MinimumVisualStudioVersion = 10.0.40219.1
Project("{FAE04EC0-301F-11D3-BF4B-00C04F79EFBC}") = "LeetCode", "LeetCode\LeetCode.csproj", "{E4048857-71A5-4213-ACB4-41A9B08D080A}"
EndProject
Project("{FAE04EC0-301F-11D3-BF4B-00C04F79EFBC}") = "InterviewPrep", "InterviewPrep\InterviewPrep.csproj", "{BBABF343-4962-40CD-9C85-1E5085ED1C45}"
EndProject
Global
	GlobalSection(SolutionConfigurationPlatforms) = preSolution
		Debug|Any CPU = Debug|Any CPU
		Release|Any CPU = Release|Any CPU
	EndGlobalSection
	GlobalSection(SolutionProperties) = preSolution
		HideSolutionNode = FALSE
	EndGlobalSection
	GlobalSection(ProjectConfigurationPlatforms) = postSolution
		{E4048857-71A5-4213-ACB4-41A9B08D080A}.Debug|Any CPU.ActiveCfg = Debug|Any CPU
		{E4048857-71A5-4213-ACB4-41A9B08D080A}.Debug|Any CPU.Build.0 = Debug|Any CPU
		{E4048857-71A5-4213-ACB4-41A9B08D080A}.Release|Any CPU.ActiveCfg = Release|Any CPU
		{E4048857-71A5-4213-ACB4-41A9B08D080A}.Release|Any CPU.Build.0 = Release|Any CPU
		{BBABF343-4962-40CD-9C85-1E5085ED1C45}.Debug|Any CPU.ActiveCfg = Debug|Any CPU
		{BBABF343-4962-40CD-9C85-1E5085ED1C45}.Debug|Any CPU.Build.0 = Debug|Any CPU
		{BBABF343-4962-40CD-9C85-1E5085ED1C45}.Release|Any CPU.ActiveCfg = Release|Any CPU
		{BBABF343-4962-40CD-9C85-1E5085ED1C45}.Release|Any CPU.Build.0 = Release|Any CPU
	EndGlobalSection
EndGlobal
